// !$*UTF8*$!
{
	archiveVersion = 1;
	classes = {
	};
	objectVersion = 56;
	objects = {

/* Begin PBXBuildFile section */
		EFF0B0B52BF7418800FB8470 /* AppDelegate.swift in Sources */ = {isa = PBXBuildFile; fileRef = EFF0B0B42BF7418800FB8470 /* AppDelegate.swift */; };
		EFF0B0B72BF7418800FB8470 /* SceneDelegate.swift in Sources */ = {isa = PBXBuildFile; fileRef = EFF0B0B62BF7418800FB8470 /* SceneDelegate.swift */; };
		EFF0B0B92BF7418800FB8470 /* ViewController.swift in Sources */ = {isa = PBXBuildFile; fileRef = EFF0B0B82BF7418800FB8470 /* ViewController.swift */; };
		EFF0B0BC2BF7418800FB8470 /* Base in Resources */ = {isa = PBXBuildFile; fileRef = EFF0B0BB2BF7418800FB8470 /* Base */; };
		EFF0B0BE2BF7418A00FB8470 /* Assets.xcassets in Resources */ = {isa = PBXBuildFile; fileRef = EFF0B0BD2BF7418A00FB8470 /* Assets.xcassets */; };
		EFF0B0C12BF7418A00FB8470 /* Base in Resources */ = {isa = PBXBuildFile; fileRef = EFF0B0C02BF7418A00FB8470 /* Base */; };
		EFF0B0CA2BF7485200FB8470 /* MZWordViewController.swift in Sources */ = {isa = PBXBuildFile; fileRef = EFF0B0C92BF7485200FB8470 /* MZWordViewController.swift */; };
		EFF0B0CC2BF7486400FB8470 /* EmotionDiaryViewController.swift in Sources */ = {isa = PBXBuildFile; fileRef = EFF0B0CB2BF7486400FB8470 /* EmotionDiaryViewController.swift */; };
		EFF0B0CD2BF9D02B00FB8470 /* Main.storyboard in Resources */ = {isa = PBXBuildFile; fileRef = EFF0B0BA2BF7418800FB8470 /* Main.storyboard */; };
/* End PBXBuildFile section */

/* Begin PBXFileReference section */
		EFF0B0B12BF7418800FB8470 /* emotionProject.app */ = {isa = PBXFileReference; explicitFileType = wrapper.application; includeInIndex = 0; path = emotionProject.app; sourceTree = BUILT_PRODUCTS_DIR; };
		EFF0B0B42BF7418800FB8470 /* AppDelegate.swift */ = {isa = PBXFileReference; lastKnownFileType = sourcecode.swift; path = AppDelegate.swift; sourceTree = "<group>"; };
		EFF0B0B62BF7418800FB8470 /* SceneDelegate.swift */ = {isa = PBXFileReference; lastKnownFileType = sourcecode.swift; path = SceneDelegate.swift; sourceTree = "<group>"; };
		EFF0B0B82BF7418800FB8470 /* ViewController.swift */ = {isa = PBXFileReference; lastKnownFileType = sourcecode.swift; path = ViewController.swift; sourceTree = "<group>"; };
		EFF0B0BB2BF7418800FB8470 /* Base */ = {isa = PBXFileReference; lastKnownFileType = file.storyboard; name = Base; path = Base.lproj/Main.storyboard; sourceTree = "<group>"; };
		EFF0B0BD2BF7418A00FB8470 /* Assets.xcassets */ = {isa = PBXFileReference; lastKnownFileType = folder.assetcatalog; path = Assets.xcassets; sourceTree = "<group>"; };
		EFF0B0C02BF7418A00FB8470 /* Base */ = {isa = PBXFileReference; lastKnownFileType = file.storyboard; name = Base; path = Base.lproj/LaunchScreen.storyboard; sourceTree = "<group>"; };
		EFF0B0C22BF7418A00FB8470 /* Info.plist */ = {isa = PBXFileReference; lastKnownFileType = text.plist.xml; path = Info.plist; sourceTree = "<group>"; };
		EFF0B0C92BF7485200FB8470 /* MZWordViewController.swift */ = {isa = PBXFileReference; lastKnownFileType = sourcecode.swift; path = MZWordViewController.swift; sourceTree = "<group>"; };
		EFF0B0CB2BF7486400FB8470 /* EmotionDiaryViewController.swift */ = {isa = PBXFileReference; lastKnownFileType = sourcecode.swift; path = EmotionDiaryViewController.swift; sourceTree = "<group>"; };
/* End PBXFileReference section */

/* Begin PBXFrameworksBuildPhase section */
		EFF0B0AE2BF7418800FB8470 /* Frameworks */ = {
			isa = PBXFrameworksBuildPhase;
			buildActionMask = 2147483647;
			files = (
			);
			runOnlyForDeploymentPostprocessing = 0;
		};
/* End PBXFrameworksBuildPhase section */

/* Begin PBXGroup section */
		EFF0B0A82BF7418800FB8470 = {
			isa = PBXGroup;
			children = (
				EFF0B0B32BF7418800FB8470 /* emotionProject */,
				EFF0B0B22BF7418800FB8470 /* Products */,
			);
			sourceTree = "<group>";
		};
		EFF0B0B22BF7418800FB8470 /* Products */ = {
			isa = PBXGroup;
			children = (
				EFF0B0B12BF7418800FB8470 /* emotionProject.app */,
			);
			name = Products;
			sourceTree = "<group>";
		};
		EFF0B0B32BF7418800FB8470 /* emotionProject */ = {
			isa = PBXGroup;
			children = (
				EFF0B0C82BF7482900FB8470 /* ViewControllers */,
				EFF0B0B42BF7418800FB8470 /* AppDelegate.swift */,
				EFF0B0B62BF7418800FB8470 /* SceneDelegate.swift */,
				EFF0B0B82BF7418800FB8470 /* ViewController.swift */,
				EFF0B0BA2BF7418800FB8470 /* Main.storyboard */,
				EFF0B0BD2BF7418A00FB8470 /* Assets.xcassets */,
				EFF0B0BF2BF7418A00FB8470 /* LaunchScreen.storyboard */,
				EFF0B0C22BF7418A00FB8470 /* Info.plist */,
			);
			path = emotionProject;
			sourceTree = "<group>";
		};
		EFF0B0C82BF7482900FB8470 /* ViewControllers */ = {
			isa = PBXGroup;
			children = (
				EFF0B0C92BF7485200FB8470 /* MZWordViewController.swift */,
				EFF0B0CB2BF7486400FB8470 /* EmotionDiaryViewController.swift */,
			);
			path = ViewControllers;
			sourceTree = "<group>";
		};
/* End PBXGroup section */

/* Begin PBXNativeTarget section */
		EFF0B0B02BF7418800FB8470 /* emotionProject */ = {
			isa = PBXNativeTarget;
			buildConfigurationList = EFF0B0C52BF7418A00FB8470 /* Build configuration list for PBXNativeTarget "emotionProject" */;
			buildPhases = (
				EFF0B0AD2BF7418800FB8470 /* Sources */,
				EFF0B0AE2BF7418800FB8470 /* Frameworks */,
				EFF0B0AF2BF7418800FB8470 /* Resources */,
			);
			buildRules = (
			);
			dependencies = (
			);
			name = emotionProject;
			productName = emotionProject;
			productReference = EFF0B0B12BF7418800FB8470 /* emotionProject.app */;
			productType = "com.apple.product-type.application";
		};
/* End PBXNativeTarget section */

/* Begin PBXProject section */
		EFF0B0A92BF7418800FB8470 /* Project object */ = {
			isa = PBXProject;
			attributes = {
				BuildIndependentTargetsInParallel = 1;
				LastSwiftUpdateCheck = 1530;
				LastUpgradeCheck = 1530;
				TargetAttributes = {
					EFF0B0B02BF7418800FB8470 = {
						CreatedOnToolsVersion = 15.3;
					};
				};
			};
			buildConfigurationList = EFF0B0AC2BF7418800FB8470 /* Build configuration list for PBXProject "emotionProject" */;
			compatibilityVersion = "Xcode 14.0";
			developmentRegion = en;
			hasScannedForEncodings = 0;
			knownRegions = (
				en,
				Base,
			);
			mainGroup = EFF0B0A82BF7418800FB8470;
			productRefGroup = EFF0B0B22BF7418800FB8470 /* Products */;
			projectDirPath = "";
			projectRoot = "";
			targets = (
				EFF0B0B02BF7418800FB8470 /* emotionProject */,
			);
		};
/* End PBXProject section */

/* Begin PBXResourcesBuildPhase section */
		EFF0B0AF2BF7418800FB8470 /* Resources */ = {
			isa = PBXResourcesBuildPhase;
			buildActionMask = 2147483647;
			files = (
				EFF0B0BE2BF7418A00FB8470 /* Assets.xcassets in Resources */,
				EFF0B0C12BF7418A00FB8470 /* Base in Resources */,
				EFF0B0BC2BF7418800FB8470 /* Base in Resources */,
				EFF0B0CD2BF9D02B00FB8470 /* Main.storyboard in Resources */,
			);
			runOnlyForDeploymentPostprocessing = 0;
		};
/* End PBXResourcesBuildPhase section */

/* Begin PBXSourcesBuildPhase section */
		EFF0B0AD2BF7418800FB8470 /* Sources */ = {
			isa = PBXSourcesBuildPhase;
			buildActionMask = 2147483647;
			files = (
				EFF0B0B92BF7418800FB8470 /* ViewController.swift in Sources */,
				EFF0B0B52BF7418800FB8470 /* AppDelegate.swift in Sources */,
				EFF0B0B72BF7418800FB8470 /* SceneDelegate.swift in Sources */,
				EFF0B0CA2BF7485200FB8470 /* MZWordViewController.swift in Sources */,
				EFF0B0CC2BF7486400FB8470 /* EmotionDiaryViewController.swift in Sources */,
			);
			runOnlyForDeploymentPostprocessing = 0;
		};
/* End PBXSourcesBuildPhase section */

/* Begin PBXVariantGroup section */
		EFF0B0BA2BF7418800FB8470 /* Main.storyboard */ = {
			isa = PBXVariantGroup;
			children = (
				EFF0B0BB2BF7418800FB8470 /* Base */,
			);
			name = Main.storyboard;
			sourceTree = "<group>";
		};
		EFF0B0BF2BF7418A00FB8470 /* LaunchScreen.storyboard */ = {
			isa = PBXVariantGroup;
			children = (
				EFF0B0C02BF7418A00FB8470 /* Base */,
			);
			name = LaunchScreen.storyboard;
			sourceTree = "<group>";
		};
/* End PBXVariantGroup section */

/* Begin XCBuildConfiguration section */
		EFF0B0C32BF7418A00FB8470 /* Debug */ = {
			isa = XCBuildConfiguration;
			buildSettings = {
				ALWAYS_SEARCH_USER_PATHS = NO;
				ASSETCATALOG_COMPILER_GENERATE_SWIFT_ASSET_SYMBOL_EXTENSIONS = YES;
				CLANG_ANALYZER_NONNULL = YES;
				CLANG_ANALYZER_NUMBER_OBJECT_CONVERSION = YES_AGGRESSIVE;
				CLANG_CXX_LANGUAGE_STANDARD = "gnu++20";
				CLANG_ENABLE_MODULES = YES;
				CLANG_ENABLE_OBJC_ARC = YES;
				CLANG_ENABLE_OBJC_WEAK = YES;
				CLANG_WARN_BLOCK_CAPTURE_AUTORELEASING = YES;
				CLANG_WARN_BOOL_CONVERSION = YES;
				CLANG_WARN_COMMA = YES;
				CLANG_WARN_CONSTANT_CONVERSION = YES;
				CLANG_WARN_DEPRECATED_OBJC_IMPLEMENTATIONS = YES;
				CLANG_WARN_DIRECT_OBJC_ISA_USAGE = YES_ERROR;
				CLANG_WARN_DOCUMENTATION_COMMENTS = YES;
				CLANG_WARN_EMPTY_BODY = YES;
				CLANG_WARN_ENUM_CONVERSION = YES;
				CLANG_WARN_INFINITE_RECURSION = YES;
				CLANG_WARN_INT_CONVERSION = YES;
				CLANG_WARN_NON_LITERAL_NULL_CONVERSION = YES;
				CLANG_WARN_OBJC_IMPLICIT_RETAIN_SELF = YES;
				CLANG_WARN_OBJC_LITERAL_CONVERSION = YES;
				CLANG_WARN_OBJC_ROOT_CLASS = YES_ERROR;
				CLANG_WARN_QUOTED_INCLUDE_IN_FRAMEWORK_HEADER = YES;
				CLANG_WARN_RANGE_LOOP_ANALYSIS = YES;
				CLANG_WARN_STRICT_PROTOTYPES = YES;
				CLANG_WARN_SUSPICIOUS_MOVE = YES;
				CLANG_WARN_UNGUARDED_AVAILABILITY = YES_AGGRESSIVE;
				CLANG_WARN_UNREACHABLE_CODE = YES;
				CLANG_WARN__DUPLICATE_METHOD_MATCH = YES;
				COPY_PHASE_STRIP = NO;
				DEBUG_INFORMATION_FORMAT = dwarf;
				ENABLE_STRICT_OBJC_MSGSEND = YES;
				ENABLE_TESTABILITY = YES;
				ENABLE_USER_SCRIPT_SANDBOXING = YES;
				GCC_C_LANGUAGE_STANDARD = gnu17;
				GCC_DYNAMIC_NO_PIC = NO;
				GCC_NO_COMMON_BLOCKS = YES;
				GCC_OPTIMIZATION_LEVEL = 0;
				GCC_PREPROCESSOR_DEFINITIONS = (
					"DEBUG=1",
					"$(inherited)",
				);
				GCC_WARN_64_TO_32_BIT_CONVERSION = YES;
				GCC_WARN_ABOUT_RETURN_TYPE = YES_ERROR;
				GCC_WARN_UNDECLARED_SELECTOR = YES;
				GCC_WARN_UNINITIALIZED_AUTOS = YES_AGGRESSIVE;
				GCC_WARN_UNUSED_FUNCTION = YES;
				GCC_WARN_UNUSED_VARIABLE = YES;
				IPHONEOS_DEPLOYMENT_TARGET = 17.4;
				LOCALIZATION_PREFERS_STRING_CATALOGS = YES;
				MTL_ENABLE_DEBUG_INFO = INCLUDE_SOURCE;
				MTL_FAST_MATH = YES;
				ONLY_ACTIVE_ARCH = YES;
				SDKROOT = iphoneos;
				SWIFT_ACTIVE_COMPILATION_CONDITIONS = "DEBUG $(inherited)";
				SWIFT_OPTIMIZATION_LEVEL = "-Onone";
			};
			name = Debug;
		};
		EFF0B0C42BF7418A00FB8470 /* Release */ = {
			isa = XCBuildConfiguration;
			buildSettings = {
				ALWAYS_SEARCH_USER_PATHS = NO;
				ASSETCATALOG_COMPILER_GENERATE_SWIFT_ASSET_SYMBOL_EXTENSIONS = YES;
				CLANG_ANALYZER_NONNULL = YES;
				CLANG_ANALYZER_NUMBER_OBJECT_CONVERSION = YES_AGGRESSIVE;
				CLANG_CXX_LANGUAGE_STANDARD = "gnu++20";
				CLANG_ENABLE_MODULES = YES;
				CLANG_ENABLE_OBJC_ARC = YES;
				CLANG_ENABLE_OBJC_WEAK = YES;
				CLANG_WARN_BLOCK_CAPTURE_AUTORELEASING = YES;
				CLANG_WARN_BOOL_CONVERSION = YES;
				CLANG_WARN_COMMA = YES;
				CLANG_WARN_CONSTANT_CONVERSION = YES;
				CLANG_WARN_DEPRECATED_OBJC_IMPLEMENTATIONS = YES;
				CLANG_WARN_DIRECT_OBJC_ISA_USAGE = YES_ERROR;
				CLANG_WARN_DOCUMENTATION_COMMENTS = YES;
				CLANG_WARN_EMPTY_BODY = YES;
				CLANG_WARN_ENUM_CONVERSION = YES;
				CLANG_WARN_INFINITE_RECURSION = YES;
				CLANG_WARN_INT_CONVERSION = YES;
				CLANG_WARN_NON_LITERAL_NULL_CONVERSION = YES;
				CLANG_WARN_OBJC_IMPLICIT_RETAIN_SELF = YES;
				CLANG_WARN_OBJC_LITERAL_CONVERSION = YES;
				CLANG_WARN_OBJC_ROOT_CLASS = YES_ERROR;
				CLANG_WARN_QUOTED_INCLUDE_IN_FRAMEWORK_HEADER = YES;
				CLANG_WARN_RANGE_LOOP_ANALYSIS = YES;
				CLANG_WARN_STRICT_PROTOTYPES = YES;
				CLANG_WARN_SUSPICIOUS_MOVE = YES;
				CLANG_WARN_UNGUARDED_AVAILABILITY = YES_AGGRESSIVE;
				CLANG_WARN_UNREACHABLE_CODE = YES;
				CLANG_WARN__DUPLICATE_METHOD_MATCH = YES;
				COPY_PHASE_STRIP = NO;
				DEBUG_INFORMATION_FORMAT = "dwarf-with-dsym";
				ENABLE_NS_ASSERTIONS = NO;
				ENABLE_STRICT_OBJC_MSGSEND = YES;
				ENABLE_USER_SCRIPT_SANDBOXING = YES;
				GCC_C_LANGUAGE_STANDARD = gnu17;
				GCC_NO_COMMON_BLOCKS = YES;
				GCC_WARN_64_TO_32_BIT_CONVERSION = YES;
				GCC_WARN_ABOUT_RETURN_TYPE = YES_ERROR;
				GCC_WARN_UNDECLARED_SELECTOR = YES;
				GCC_WARN_UNINITIALIZED_AUTOS = YES_AGGRESSIVE;
				GCC_WARN_UNUSED_FUNCTION = YES;
				GCC_WARN_UNUSED_VARIABLE = YES;
				IPHONEOS_DEPLOYMENT_TARGET = 17.4;
				LOCALIZATION_PREFERS_STRING_CATALOGS = YES;
				MTL_ENABLE_DEBUG_INFO = NO;
				MTL_FAST_MATH = YES;
				SDKROOT = iphoneos;
				SWIFT_COMPILATION_MODE = wholemodule;
				VALIDATE_PRODUCT = YES;
			};
			name = Release;
		};
		EFF0B0C62BF7418A00FB8470 /* Debug */ = {
			isa = XCBuildConfiguration;
			buildSettings = {
				ASSETCATALOG_COMPILER_APPICON_NAME = AppIcon;
				ASSETCATALOG_COMPILER_GLOBAL_ACCENT_COLOR_NAME = AccentColor;
				CODE_SIGN_STYLE = Automatic;
				CURRENT_PROJECT_VERSION = 1;
				GENERATE_INFOPLIST_FILE = YES;
				INFOPLIST_FILE = emotionProject/Info.plist;
				INFOPLIST_KEY_UIApplicationSupportsIndirectInputEvents = YES;
				INFOPLIST_KEY_UILaunchStoryboardName = LaunchScreen;
				INFOPLIST_KEY_UIMainStoryboardFile = Main;
				INFOPLIST_KEY_UISupportedInterfaceOrientations = UIInterfaceOrientationPortrait;
				INFOPLIST_KEY_UISupportedInterfaceOrientations_iPad = "UIInterfaceOrientationLandscapeLeft UIInterfaceOrientationLandscapeRight UIInterfaceOrientationPortrait UIInterfaceOrientationPortraitUpsideDown";
				IPHONEOS_DEPLOYMENT_TARGET = 16.0;
				LD_RUNPATH_SEARCH_PATHS = (
					"$(inherited)",
					"@executable_path/Frameworks",
				);
				MARKETING_VERSION = 1.0;
				PRODUCT_BUNDLE_IDENTIFIER = com.seunghye.emotionProject;
				PRODUCT_NAME = "$(TARGET_NAME)";
				SUPPORTED_PLATFORMS = "iphoneos iphonesimulator";
				SUPPORTS_MACCATALYST = NO;
				SUPPORTS_MAC_DESIGNED_FOR_IPHONE_IPAD = NO;
				SUPPORTS_XR_DESIGNED_FOR_IPHONE_IPAD = NO;
				SWIFT_EMIT_LOC_STRINGS = YES;
				SWIFT_VERSION = 5.0;
				TARGETED_DEVICE_FAMILY = 1;
			};
			name = Debug;
		};
		EFF0B0C72BF7418A00FB8470 /* Release */ = {
			isa = XCBuildConfiguration;
			buildSettings = {
				ASSETCATALOG_COMPILER_APPICON_NAME = AppIcon;
				ASSETCATALOG_COMPILER_GLOBAL_ACCENT_COLOR_NAME = AccentColor;
				CODE_SIGN_STYLE = Automatic;
				CURRENT_PROJECT_VERSION = 1;
				GENERATE_INFOPLIST_FILE = YES;
				INFOPLIST_FILE = emotionProject/Info.plist;
				INFOPLIST_KEY_UIApplicationSupportsIndirectInputEvents = YES;
				INFOPLIST_KEY_UILaunchStoryboardName = LaunchScreen;
				INFOPLIST_KEY_UIMainStoryboardFile = Main;
				INFOPLIST_KEY_UISupportedInterfaceOrientations = UIInterfaceOrientationPortrait;
				INFOPLIST_KEY_UISupportedInterfaceOrientations_iPad = "UIInterfaceOrientationLandscapeLeft UIInterfaceOrientationLandscapeRight UIInterfaceOrientationPortrait UIInterfaceOrientationPortraitUpsideDown";
				IPHONEOS_DEPLOYMENT_TARGET = 16.0;
				LD_RUNPATH_SEARCH_PATHS = (
					"$(inherited)",
					"@executable_path/Frameworks",
				);
				MARKETING_VERSION = 1.0;
				PRODUCT_BUNDLE_IDENTIFIER = com.seunghye.emotionProject;
				PRODUCT_NAME = "$(TARGET_NAME)";
				SUPPORTED_PLATFORMS = "iphoneos iphonesimulator";
				SUPPORTS_MACCATALYST = NO;
				SUPPORTS_MAC_DESIGNED_FOR_IPHONE_IPAD = NO;
				SUPPORTS_XR_DESIGNED_FOR_IPHONE_IPAD = NO;
				SWIFT_EMIT_LOC_STRINGS = YES;
				SWIFT_VERSION = 5.0;
				TARGETED_DEVICE_FAMILY = 1;
			};
			name = Release;
		};
/* End XCBuildConfiguration section */

/* Begin XCConfigurationList section */
		EFF0B0AC2BF7418800FB8470 /* Build configuration list for PBXProject "emotionProject" */ = {
			isa = XCConfigurationList;
			buildConfigurations = (
				EFF0B0C32BF7418A00FB8470 /* Debug */,
				EFF0B0C42BF7418A00FB8470 /* Release */,
			);
			defaultConfigurationIsVisible = 0;
			defaultConfigurationName = Release;
		};
		EFF0B0C52BF7418A00FB8470 /* Build configuration list for PBXNativeTarget "emotionProject" */ = {
			isa = XCConfigurationList;
			buildConfigurations = (
				EFF0B0C62BF7418A00FB8470 /* Debug */,
				EFF0B0C72BF7418A00FB8470 /* Release */,
			);
			defaultConfigurationIsVisible = 0;
			defaultConfigurationName = Release;
		};
/* End XCConfigurationList section */
	};
	rootObject = EFF0B0A92BF7418800FB8470 /* Project object */;
}
